
Microsoft Visual Studio Solution File, Format Version 12.00
# Visual Studio Version 17
VisualStudioVersion = 17.8.34330.188
MinimumVisualStudioVersion = 10.0.40219.1
Project("{FAE04EC0-301F-11D3-BF4B-00C04F79EFBC}") = "EF03_MonAn", "EF03_MonAn\EF03_MonAn.csproj", "{8C73EC47-2995-4344-AF69-E51B2D78A885}"
EndProject
Global
	GlobalSection(SolutionConfigurationPlatforms) = preSolution
		Debug|Any CPU = Debug|Any CPU
		Release|Any CPU = Release|Any CPU
	EndGlobalSection
	GlobalSection(ProjectConfigurationPlatforms) = postSolution
		{8C73EC47-2995-4344-AF69-E51B2D78A885}.Debug|Any CPU.ActiveCfg = Debug|Any CPU
		{8C73EC47-2995-4344-AF69-E51B2D78A885}.Debug|Any CPU.Build.0 = Debug|Any CPU
		{8C73EC47-2995-4344-AF69-E51B2D78A885}.Release|Any CPU.ActiveCfg = Release|Any CPU
		{8C73EC47-2995-4344-AF69-E51B2D78A885}.Release|Any CPU.Build.0 = Release|Any CPU
	EndGlobalSection
	GlobalSection(SolutionProperties) = preSolution
		HideSolutionNode = FALSE
	EndGlobalSection
	GlobalSection(ExtensibilityGlobals) = postSolution
		SolutionGuid = {21F0236D-C777-4B45-9A5C-7D87B9B7F9FF}
	EndGlobalSection
EndGlobal
